
Microsoft Visual Studio Solution File, Format Version 12.00
# Visual Studio Version 17
VisualStudioVersion = 17.4.33205.214
MinimumVisualStudioVersion = 10.0.40219.1
Project("{9A19103F-16F7-4668-BE54-9A1E7A4F7556}") = "CRUDGen", "API\CRUDGen.csproj", "{C8AE4A4E-37B3-42F4-8D89-7323AF57C40F}"
EndProject
Project("{2150E333-8FDC-42A3-9474-1A3956D46DE8}") = "Solution Items", "Solution Items", "{42AD3B1C-F470-4182-8031-4219FE2A56F5}"
	ProjectSection(SolutionItems) = preProject
		gen.txt = gen.txt
	EndProjectSection
EndProject
Project("{2150E333-8FDC-42A3-9474-1A3956D46DE8}") = "API", "API", "{5383F1AF-D4D8-4DE2-9284-DD9E4240C654}"
EndProject
Project("{2150E333-8FDC-42A3-9474-1A3956D46DE8}") = "dockersetup", "dockersetup", "{A3B5A6E1-D228-40EA-9F7C-A12BBFA963FC}"
EndProject
Project("{E53339B2-1760-4266-BCC7-CA923CBCF16C}") = "docker-compose", "docker-compose.dcproj", "{ADACE655-2F76-45DB-9538-62BA909E6740}"
EndProject
Global
	GlobalSection(SolutionConfigurationPlatforms) = preSolution
		Debug|Any CPU = Debug|Any CPU
		Release|Any CPU = Release|Any CPU
	EndGlobalSection
	GlobalSection(ProjectConfigurationPlatforms) = postSolution
		{C8AE4A4E-37B3-42F4-8D89-7323AF57C40F}.Debug|Any CPU.ActiveCfg = Debug|Any CPU
		{C8AE4A4E-37B3-42F4-8D89-7323AF57C40F}.Debug|Any CPU.Build.0 = Debug|Any CPU
		{C8AE4A4E-37B3-42F4-8D89-7323AF57C40F}.Release|Any CPU.ActiveCfg = Release|Any CPU
		{C8AE4A4E-37B3-42F4-8D89-7323AF57C40F}.Release|Any CPU.Build.0 = Release|Any CPU
		{ADACE655-2F76-45DB-9538-62BA909E6740}.Debug|Any CPU.ActiveCfg = Debug|Any CPU
		{ADACE655-2F76-45DB-9538-62BA909E6740}.Debug|Any CPU.Build.0 = Debug|Any CPU
		{ADACE655-2F76-45DB-9538-62BA909E6740}.Release|Any CPU.ActiveCfg = Release|Any CPU
		{ADACE655-2F76-45DB-9538-62BA909E6740}.Release|Any CPU.Build.0 = Release|Any CPU
	EndGlobalSection
	GlobalSection(SolutionProperties) = preSolution
		HideSolutionNode = FALSE
	EndGlobalSection
	GlobalSection(NestedProjects) = preSolution
		{C8AE4A4E-37B3-42F4-8D89-7323AF57C40F} = {5383F1AF-D4D8-4DE2-9284-DD9E4240C654}
	EndGlobalSection
	GlobalSection(ExtensibilityGlobals) = postSolution
		SolutionGuid = {64A71924-85C2-4536-8D12-1DD77AFDA903}
	EndGlobalSection
EndGlobal
