
Microsoft Visual Studio Solution File, Format Version 12.00
# Visual Studio Version 17
VisualStudioVersion = 17.4.33205.214
MinimumVisualStudioVersion = 10.0.40219.1
Project("{FAE04EC0-301F-11D3-BF4B-00C04F79EFBC}") = "CRUDGen", "CRUDGen.csproj", "{C8AE4A4E-37B3-42F4-8D89-7323AF57C40F}"
EndProject
Global
	GlobalSection(SolutionConfigurationPlatforms) = preSolution
		Debug|Any CPU = Debug|Any CPU
		Release|Any CPU = Release|Any CPU
	EndGlobalSection
	GlobalSection(ProjectConfigurationPlatforms) = postSolution
		{C8AE4A4E-37B3-42F4-8D89-7323AF57C40F}.Debug|Any CPU.ActiveCfg = Debug|Any CPU
		{C8AE4A4E-37B3-42F4-8D89-7323AF57C40F}.Debug|Any CPU.Build.0 = Debug|Any CPU
		{C8AE4A4E-37B3-42F4-8D89-7323AF57C40F}.Release|Any CPU.ActiveCfg = Release|Any CPU
		{C8AE4A4E-37B3-42F4-8D89-7323AF57C40F}.Release|Any CPU.Build.0 = Release|Any CPU
	EndGlobalSection
	GlobalSection(SolutionProperties) = preSolution
		HideSolutionNode = FALSE
	EndGlobalSection
	GlobalSection(ExtensibilityGlobals) = postSolution
		SolutionGuid = {64A71924-85C2-4536-8D12-1DD77AFDA903}
	EndGlobalSection
EndGlobal
